// !$*UTF8*$!
{
	archiveVersion = 1;
	classes = {
	};
	objectVersion = 46;
	objects = {

/* Begin PBXBuildFile section */
		1EA793D7F235798E8F9155FE /* libPods-paprUITests.a in Frameworks */ = {isa = PBXBuildFile; fileRef = AD05A369AD8963B9322B2C60 /* libPods-paprUITests.a */; };
		3341B6561F0D096400DD7CEE /* main.m in Sources */ = {isa = PBXBuildFile; fileRef = 3341B6551F0D096400DD7CEE /* main.m */; };
		3341B6591F0D096400DD7CEE /* AppDelegate.m in Sources */ = {isa = PBXBuildFile; fileRef = 3341B6581F0D096400DD7CEE /* AppDelegate.m */; };
		3341B65C1F0D096400DD7CEE /* ViewController.m in Sources */ = {isa = PBXBuildFile; fileRef = 3341B65B1F0D096400DD7CEE /* ViewController.m */; };
		3341B65F1F0D096400DD7CEE /* Main.storyboard in Resources */ = {isa = PBXBuildFile; fileRef = 3341B65D1F0D096400DD7CEE /* Main.storyboard */; };
		3341B6611F0D096400DD7CEE /* Assets.xcassets in Resources */ = {isa = PBXBuildFile; fileRef = 3341B6601F0D096400DD7CEE /* Assets.xcassets */; };
		3341B6641F0D096400DD7CEE /* LaunchScreen.storyboard in Resources */ = {isa = PBXBuildFile; fileRef = 3341B6621F0D096400DD7CEE /* LaunchScreen.storyboard */; };
		3341B66F1F0D096400DD7CEE /* paprTests.m in Sources */ = {isa = PBXBuildFile; fileRef = 3341B66E1F0D096400DD7CEE /* paprTests.m */; };
		3341B67A1F0D096400DD7CEE /* paprUITests.m in Sources */ = {isa = PBXBuildFile; fileRef = 3341B6791F0D096400DD7CEE /* paprUITests.m */; };
		C85C55AF54A8AA9269896390 /* libPods-papr.a in Frameworks */ = {isa = PBXBuildFile; fileRef = 9726EAB74193CA45A6A7461F /* libPods-papr.a */; };
		FAB0411F901159F427880E35 /* libPods-paprTests.a in Frameworks */ = {isa = PBXBuildFile; fileRef = E3DDBEB1AD55BF3E60FC3301 /* libPods-paprTests.a */; };
/* End PBXBuildFile section */

/* Begin PBXContainerItemProxy section */
		3341B66B1F0D096400DD7CEE /* PBXContainerItemProxy */ = {
			isa = PBXContainerItemProxy;
			containerPortal = 3341B6491F0D096400DD7CEE /* Project object */;
			proxyType = 1;
			remoteGlobalIDString = 3341B6501F0D096400DD7CEE;
			remoteInfo = papr;
		};
		3341B6761F0D096400DD7CEE /* PBXContainerItemProxy */ = {
			isa = PBXContainerItemProxy;
			containerPortal = 3341B6491F0D096400DD7CEE /* Project object */;
			proxyType = 1;
			remoteGlobalIDString = 3341B6501F0D096400DD7CEE;
			remoteInfo = papr;
		};
/* End PBXContainerItemProxy section */

/* Begin PBXFileReference section */
		10559FAAE5D0A7CF5AA6B067 /* Pods-papr.release.xcconfig */ = {isa = PBXFileReference; includeInIndex = 1; lastKnownFileType = text.xcconfig; name = "Pods-papr.release.xcconfig"; path = "Pods/Target Support Files/Pods-papr/Pods-papr.release.xcconfig"; sourceTree = "<group>"; };
		3341B6511F0D096400DD7CEE /* papr.app */ = {isa = PBXFileReference; explicitFileType = wrapper.application; includeInIndex = 0; path = papr.app; sourceTree = BUILT_PRODUCTS_DIR; };
		3341B6551F0D096400DD7CEE /* main.m */ = {isa = PBXFileReference; lastKnownFileType = sourcecode.c.objc; path = main.m; sourceTree = "<group>"; };
		3341B6571F0D096400DD7CEE /* AppDelegate.h */ = {isa = PBXFileReference; lastKnownFileType = sourcecode.c.h; path = AppDelegate.h; sourceTree = "<group>"; };
		3341B6581F0D096400DD7CEE /* AppDelegate.m */ = {isa = PBXFileReference; lastKnownFileType = sourcecode.c.objc; path = AppDelegate.m; sourceTree = "<group>"; };
		3341B65A1F0D096400DD7CEE /* ViewController.h */ = {isa = PBXFileReference; lastKnownFileType = sourcecode.c.h; path = ViewController.h; sourceTree = "<group>"; };
		3341B65B1F0D096400DD7CEE /* ViewController.m */ = {isa = PBXFileReference; lastKnownFileType = sourcecode.c.objc; path = ViewController.m; sourceTree = "<group>"; };
		3341B65E1F0D096400DD7CEE /* Base */ = {isa = PBXFileReference; lastKnownFileType = file.storyboard; name = Base; path = Base.lproj/Main.storyboard; sourceTree = "<group>"; };
		3341B6601F0D096400DD7CEE /* Assets.xcassets */ = {isa = PBXFileReference; lastKnownFileType = folder.assetcatalog; path = Assets.xcassets; sourceTree = "<group>"; };
		3341B6631F0D096400DD7CEE /* Base */ = {isa = PBXFileReference; lastKnownFileType = file.storyboard; name = Base; path = Base.lproj/LaunchScreen.storyboard; sourceTree = "<group>"; };
		3341B6651F0D096400DD7CEE /* Info.plist */ = {isa = PBXFileReference; lastKnownFileType = text.plist.xml; path = Info.plist; sourceTree = "<group>"; };
		3341B66A1F0D096400DD7CEE /* paprTests.xctest */ = {isa = PBXFileReference; explicitFileType = wrapper.cfbundle; includeInIndex = 0; path = paprTests.xctest; sourceTree = BUILT_PRODUCTS_DIR; };
		3341B66E1F0D096400DD7CEE /* paprTests.m */ = {isa = PBXFileReference; lastKnownFileType = sourcecode.c.objc; path = paprTests.m; sourceTree = "<group>"; };
		3341B6701F0D096400DD7CEE /* Info.plist */ = {isa = PBXFileReference; lastKnownFileType = text.plist.xml; path = Info.plist; sourceTree = "<group>"; };
		3341B6751F0D096400DD7CEE /* paprUITests.xctest */ = {isa = PBXFileReference; explicitFileType = wrapper.cfbundle; includeInIndex = 0; path = paprUITests.xctest; sourceTree = BUILT_PRODUCTS_DIR; };
		3341B6791F0D096400DD7CEE /* paprUITests.m */ = {isa = PBXFileReference; lastKnownFileType = sourcecode.c.objc; path = paprUITests.m; sourceTree = "<group>"; };
		3341B67B1F0D096400DD7CEE /* Info.plist */ = {isa = PBXFileReference; lastKnownFileType = text.plist.xml; path = Info.plist; sourceTree = "<group>"; };
		53083A0C16D717588A506413 /* Pods-paprTests.debug.xcconfig */ = {isa = PBXFileReference; includeInIndex = 1; lastKnownFileType = text.xcconfig; name = "Pods-paprTests.debug.xcconfig"; path = "Pods/Target Support Files/Pods-paprTests/Pods-paprTests.debug.xcconfig"; sourceTree = "<group>"; };
		561F49808788FF02DE682DE8 /* Pods-papr.debug.xcconfig */ = {isa = PBXFileReference; includeInIndex = 1; lastKnownFileType = text.xcconfig; name = "Pods-papr.debug.xcconfig"; path = "Pods/Target Support Files/Pods-papr/Pods-papr.debug.xcconfig"; sourceTree = "<group>"; };
		849A09D302E60574CAE831E3 /* Pods-paprUITests.release.xcconfig */ = {isa = PBXFileReference; includeInIndex = 1; lastKnownFileType = text.xcconfig; name = "Pods-paprUITests.release.xcconfig"; path = "Pods/Target Support Files/Pods-paprUITests/Pods-paprUITests.release.xcconfig"; sourceTree = "<group>"; };
		9726EAB74193CA45A6A7461F /* libPods-papr.a */ = {isa = PBXFileReference; explicitFileType = archive.ar; includeInIndex = 0; path = "libPods-papr.a"; sourceTree = BUILT_PRODUCTS_DIR; };
		AD05A369AD8963B9322B2C60 /* libPods-paprUITests.a */ = {isa = PBXFileReference; explicitFileType = archive.ar; includeInIndex = 0; path = "libPods-paprUITests.a"; sourceTree = BUILT_PRODUCTS_DIR; };
		E2B3D4C45BCEE2E0B9209502 /* Pods-paprUITests.debug.xcconfig */ = {isa = PBXFileReference; includeInIndex = 1; lastKnownFileType = text.xcconfig; name = "Pods-paprUITests.debug.xcconfig"; path = "Pods/Target Support Files/Pods-paprUITests/Pods-paprUITests.debug.xcconfig"; sourceTree = "<group>"; };
		E3DDBEB1AD55BF3E60FC3301 /* libPods-paprTests.a */ = {isa = PBXFileReference; explicitFileType = archive.ar; includeInIndex = 0; path = "libPods-paprTests.a"; sourceTree = BUILT_PRODUCTS_DIR; };
		FF80BC5EE35CD80420F73533 /* Pods-paprTests.release.xcconfig */ = {isa = PBXFileReference; includeInIndex = 1; lastKnownFileType = text.xcconfig; name = "Pods-paprTests.release.xcconfig"; path = "Pods/Target Support Files/Pods-paprTests/Pods-paprTests.release.xcconfig"; sourceTree = "<group>"; };
/* End PBXFileReference section */

/* Begin PBXFrameworksBuildPhase section */
		3341B64E1F0D096400DD7CEE /* Frameworks */ = {
			isa = PBXFrameworksBuildPhase;
			buildActionMask = 2147483647;
			files = (
				C85C55AF54A8AA9269896390 /* libPods-papr.a in Frameworks */,
			);
			runOnlyForDeploymentPostprocessing = 0;
		};
		3341B6671F0D096400DD7CEE /* Frameworks */ = {
			isa = PBXFrameworksBuildPhase;
			buildActionMask = 2147483647;
			files = (
				FAB0411F901159F427880E35 /* libPods-paprTests.a in Frameworks */,
			);
			runOnlyForDeploymentPostprocessing = 0;
		};
		3341B6721F0D096400DD7CEE /* Frameworks */ = {
			isa = PBXFrameworksBuildPhase;
			buildActionMask = 2147483647;
			files = (
				1EA793D7F235798E8F9155FE /* libPods-paprUITests.a in Frameworks */,
			);
			runOnlyForDeploymentPostprocessing = 0;
		};
/* End PBXFrameworksBuildPhase section */

/* Begin PBXGroup section */
		3341B6481F0D096400DD7CEE = {
			isa = PBXGroup;
			children = (
				3341B6531F0D096400DD7CEE /* papr */,
				3341B66D1F0D096400DD7CEE /* paprTests */,
				3341B6781F0D096400DD7CEE /* paprUITests */,
				3341B6521F0D096400DD7CEE /* Products */,
				F30EEE0FF04FCB661CD02E96 /* Pods */,
				570143E5BB5C72249D822014 /* Frameworks */,
			);
			sourceTree = "<group>";
		};
		3341B6521F0D096400DD7CEE /* Products */ = {
			isa = PBXGroup;
			children = (
				3341B6511F0D096400DD7CEE /* papr.app */,
				3341B66A1F0D096400DD7CEE /* paprTests.xctest */,
				3341B6751F0D096400DD7CEE /* paprUITests.xctest */,
			);
			name = Products;
			sourceTree = "<group>";
		};
		3341B6531F0D096400DD7CEE /* papr */ = {
			isa = PBXGroup;
			children = (
				3341B6571F0D096400DD7CEE /* AppDelegate.h */,
				3341B6581F0D096400DD7CEE /* AppDelegate.m */,
				3341B65A1F0D096400DD7CEE /* ViewController.h */,
				3341B65B1F0D096400DD7CEE /* ViewController.m */,
				3341B65D1F0D096400DD7CEE /* Main.storyboard */,
				3341B6601F0D096400DD7CEE /* Assets.xcassets */,
				3341B6621F0D096400DD7CEE /* LaunchScreen.storyboard */,
				3341B6651F0D096400DD7CEE /* Info.plist */,
				3341B6541F0D096400DD7CEE /* Supporting Files */,
			);
			path = papr;
			sourceTree = "<group>";
		};
		3341B6541F0D096400DD7CEE /* Supporting Files */ = {
			isa = PBXGroup;
			children = (
				3341B6551F0D096400DD7CEE /* main.m */,
			);
			name = "Supporting Files";
			sourceTree = "<group>";
		};
		3341B66D1F0D096400DD7CEE /* paprTests */ = {
			isa = PBXGroup;
			children = (
				3341B66E1F0D096400DD7CEE /* paprTests.m */,
				3341B6701F0D096400DD7CEE /* Info.plist */,
			);
			path = paprTests;
			sourceTree = "<group>";
		};
		3341B6781F0D096400DD7CEE /* paprUITests */ = {
			isa = PBXGroup;
			children = (
				3341B6791F0D096400DD7CEE /* paprUITests.m */,
				3341B67B1F0D096400DD7CEE /* Info.plist */,
			);
			path = paprUITests;
			sourceTree = "<group>";
		};
		570143E5BB5C72249D822014 /* Frameworks */ = {
			isa = PBXGroup;
			children = (
				9726EAB74193CA45A6A7461F /* libPods-papr.a */,
				E3DDBEB1AD55BF3E60FC3301 /* libPods-paprTests.a */,
				AD05A369AD8963B9322B2C60 /* libPods-paprUITests.a */,
			);
			name = Frameworks;
			sourceTree = "<group>";
		};
		F30EEE0FF04FCB661CD02E96 /* Pods */ = {
			isa = PBXGroup;
			children = (
				561F49808788FF02DE682DE8 /* Pods-papr.debug.xcconfig */,
				10559FAAE5D0A7CF5AA6B067 /* Pods-papr.release.xcconfig */,
				53083A0C16D717588A506413 /* Pods-paprTests.debug.xcconfig */,
				FF80BC5EE35CD80420F73533 /* Pods-paprTests.release.xcconfig */,
				E2B3D4C45BCEE2E0B9209502 /* Pods-paprUITests.debug.xcconfig */,
				849A09D302E60574CAE831E3 /* Pods-paprUITests.release.xcconfig */,
			);
			name = Pods;
			sourceTree = "<group>";
		};
/* End PBXGroup section */

/* Begin PBXNativeTarget section */
		3341B6501F0D096400DD7CEE /* papr */ = {
			isa = PBXNativeTarget;
			buildConfigurationList = 3341B67E1F0D096400DD7CEE /* Build configuration list for PBXNativeTarget "papr" */;
			buildPhases = (
				9E116A8EF5538E70CAE5B4B0 /* [CP] Check Pods Manifest.lock */,
				3341B64D1F0D096400DD7CEE /* Sources */,
				3341B64E1F0D096400DD7CEE /* Frameworks */,
				3341B64F1F0D096400DD7CEE /* Resources */,
				C59C146A321DBF906667CB4B /* [CP] Embed Pods Frameworks */,
				4D0B26B87A68690566A0E4D8 /* [CP] Copy Pods Resources */,
			);
			buildRules = (
			);
			dependencies = (
			);
			name = papr;
			productName = papr;
			productReference = 3341B6511F0D096400DD7CEE /* papr.app */;
			productType = "com.apple.product-type.application";
		};
		3341B6691F0D096400DD7CEE /* paprTests */ = {
			isa = PBXNativeTarget;
			buildConfigurationList = 3341B6811F0D096400DD7CEE /* Build configuration list for PBXNativeTarget "paprTests" */;
			buildPhases = (
				3EF9DDC0A8F2FBBE2DA66739 /* [CP] Check Pods Manifest.lock */,
				3341B6661F0D096400DD7CEE /* Sources */,
				3341B6671F0D096400DD7CEE /* Frameworks */,
				3341B6681F0D096400DD7CEE /* Resources */,
				56EC009ACCB1DC079E29A6FB /* [CP] Embed Pods Frameworks */,
				E54E03867E7CC421027ED382 /* [CP] Copy Pods Resources */,
			);
			buildRules = (
			);
			dependencies = (
				3341B66C1F0D096400DD7CEE /* PBXTargetDependency */,
			);
			name = paprTests;
			productName = paprTests;
			productReference = 3341B66A1F0D096400DD7CEE /* paprTests.xctest */;
			productType = "com.apple.product-type.bundle.unit-test";
		};
		3341B6741F0D096400DD7CEE /* paprUITests */ = {
			isa = PBXNativeTarget;
			buildConfigurationList = 3341B6841F0D096400DD7CEE /* Build configuration list for PBXNativeTarget "paprUITests" */;
			buildPhases = (
				2D8E7EB4599A56B28E4111BA /* [CP] Check Pods Manifest.lock */,
				3341B6711F0D096400DD7CEE /* Sources */,
				3341B6721F0D096400DD7CEE /* Frameworks */,
				3341B6731F0D096400DD7CEE /* Resources */,
				12B89276A8BA4B4E0AD5029C /* [CP] Embed Pods Frameworks */,
				81B6A0D2CAB6CB35B056C996 /* [CP] Copy Pods Resources */,
			);
			buildRules = (
			);
			dependencies = (
				3341B6771F0D096400DD7CEE /* PBXTargetDependency */,
			);
			name = paprUITests;
			productName = paprUITests;
			productReference = 3341B6751F0D096400DD7CEE /* paprUITests.xctest */;
			productType = "com.apple.product-type.bundle.ui-testing";
		};
/* End PBXNativeTarget section */

/* Begin PBXProject section */
		3341B6491F0D096400DD7CEE /* Project object */ = {
			isa = PBXProject;
			attributes = {
				LastUpgradeCheck = 0830;
				ORGANIZATIONNAME = "Jebudas Communications, Inc.";
				TargetAttributes = {
					3341B6501F0D096400DD7CEE = {
						CreatedOnToolsVersion = 8.3.2;
						DevelopmentTeam = XWMHG8H289;
						ProvisioningStyle = Automatic;
					};
					3341B6691F0D096400DD7CEE = {
						CreatedOnToolsVersion = 8.3.2;
						DevelopmentTeam = XWMHG8H289;
						ProvisioningStyle = Automatic;
						TestTargetID = 3341B6501F0D096400DD7CEE;
					};
					3341B6741F0D096400DD7CEE = {
						CreatedOnToolsVersion = 8.3.2;
						DevelopmentTeam = XWMHG8H289;
						ProvisioningStyle = Automatic;
						TestTargetID = 3341B6501F0D096400DD7CEE;
					};
				};
			};
			buildConfigurationList = 3341B64C1F0D096400DD7CEE /* Build configuration list for PBXProject "papr" */;
			compatibilityVersion = "Xcode 3.2";
			developmentRegion = English;
			hasScannedForEncodings = 0;
			knownRegions = (
				en,
				Base,
			);
			mainGroup = 3341B6481F0D096400DD7CEE;
			productRefGroup = 3341B6521F0D096400DD7CEE /* Products */;
			projectDirPath = "";
			projectRoot = "";
			targets = (
				3341B6501F0D096400DD7CEE /* papr */,
				3341B6691F0D096400DD7CEE /* paprTests */,
				3341B6741F0D096400DD7CEE /* paprUITests */,
			);
		};
/* End PBXProject section */

/* Begin PBXResourcesBuildPhase section */
		3341B64F1F0D096400DD7CEE /* Resources */ = {
			isa = PBXResourcesBuildPhase;
			buildActionMask = 2147483647;
			files = (
				3341B6641F0D096400DD7CEE /* LaunchScreen.storyboard in Resources */,
				3341B6611F0D096400DD7CEE /* Assets.xcassets in Resources */,
				3341B65F1F0D096400DD7CEE /* Main.storyboard in Resources */,
			);
			runOnlyForDeploymentPostprocessing = 0;
		};
		3341B6681F0D096400DD7CEE /* Resources */ = {
			isa = PBXResourcesBuildPhase;
			buildActionMask = 2147483647;
			files = (
			);
			runOnlyForDeploymentPostprocessing = 0;
		};
		3341B6731F0D096400DD7CEE /* Resources */ = {
			isa = PBXResourcesBuildPhase;
			buildActionMask = 2147483647;
			files = (
			);
			runOnlyForDeploymentPostprocessing = 0;
		};
/* End PBXResourcesBuildPhase section */

/* Begin PBXShellScriptBuildPhase section */
		12B89276A8BA4B4E0AD5029C /* [CP] Embed Pods Frameworks */ = {
			isa = PBXShellScriptBuildPhase;
			buildActionMask = 2147483647;
			files = (
			);
			inputPaths = (
			);
			name = "[CP] Embed Pods Frameworks";
			outputPaths = (
			);
			runOnlyForDeploymentPostprocessing = 0;
			shellPath = /bin/sh;
			shellScript = "\"${SRCROOT}/Pods/Target Support Files/Pods-paprUITests/Pods-paprUITests-frameworks.sh\"\n";
			showEnvVarsInLog = 0;
		};
		2D8E7EB4599A56B28E4111BA /* [CP] Check Pods Manifest.lock */ = {
			isa = PBXShellScriptBuildPhase;
			buildActionMask = 2147483647;
			files = (
			);
			inputPaths = (
			);
			name = "[CP] Check Pods Manifest.lock";
			outputPaths = (
			);
			runOnlyForDeploymentPostprocessing = 0;
			shellPath = /bin/sh;
			shellScript = "diff \"${PODS_PODFILE_DIR_PATH}/Podfile.lock\" \"${PODS_ROOT}/Manifest.lock\" > /dev/null\nif [ $? != 0 ] ; then\n    # print error to STDERR\n    echo \"error: The sandbox is not in sync with the Podfile.lock. Run 'pod install' or update your CocoaPods installation.\" >&2\n    exit 1\nfi\n";
			showEnvVarsInLog = 0;
		};
		3EF9DDC0A8F2FBBE2DA66739 /* [CP] Check Pods Manifest.lock */ = {
			isa = PBXShellScriptBuildPhase;
			buildActionMask = 2147483647;
			files = (
			);
			inputPaths = (
			);
			name = "[CP] Check Pods Manifest.lock";
			outputPaths = (
			);
			runOnlyForDeploymentPostprocessing = 0;
			shellPath = /bin/sh;
			shellScript = "diff \"${PODS_PODFILE_DIR_PATH}/Podfile.lock\" \"${PODS_ROOT}/Manifest.lock\" > /dev/null\nif [ $? != 0 ] ; then\n    # print error to STDERR\n    echo \"error: The sandbox is not in sync with the Podfile.lock. Run 'pod install' or update your CocoaPods installation.\" >&2\n    exit 1\nfi\n";
			showEnvVarsInLog = 0;
		};
		4D0B26B87A68690566A0E4D8 /* [CP] Copy Pods Resources */ = {
			isa = PBXShellScriptBuildPhase;
			buildActionMask = 2147483647;
			files = (
			);
			inputPaths = (
			);
			name = "[CP] Copy Pods Resources";
			outputPaths = (
			);
			runOnlyForDeploymentPostprocessing = 0;
			shellPath = /bin/sh;
			shellScript = "\"${SRCROOT}/Pods/Target Support Files/Pods-papr/Pods-papr-resources.sh\"\n";
			showEnvVarsInLog = 0;
		};
		56EC009ACCB1DC079E29A6FB /* [CP] Embed Pods Frameworks */ = {
			isa = PBXShellScriptBuildPhase;
			buildActionMask = 2147483647;
			files = (
			);
			inputPaths = (
			);
			name = "[CP] Embed Pods Frameworks";
			outputPaths = (
			);
			runOnlyForDeploymentPostprocessing = 0;
			shellPath = /bin/sh;
			shellScript = "\"${SRCROOT}/Pods/Target Support Files/Pods-paprTests/Pods-paprTests-frameworks.sh\"\n";
			showEnvVarsInLog = 0;
		};
		81B6A0D2CAB6CB35B056C996 /* [CP] Copy Pods Resources */ = {
			isa = PBXShellScriptBuildPhase;
			buildActionMask = 2147483647;
			files = (
			);
			inputPaths = (
			);
			name = "[CP] Copy Pods Resources";
			outputPaths = (
			);
			runOnlyForDeploymentPostprocessing = 0;
			shellPath = /bin/sh;
			shellScript = "\"${SRCROOT}/Pods/Target Support Files/Pods-paprUITests/Pods-paprUITests-resources.sh\"\n";
			showEnvVarsInLog = 0;
		};
		9E116A8EF5538E70CAE5B4B0 /* [CP] Check Pods Manifest.lock */ = {
			isa = PBXShellScriptBuildPhase;
			buildActionMask = 2147483647;
			files = (
			);
			inputPaths = (
			);
			name = "[CP] Check Pods Manifest.lock";
			outputPaths = (
			);
			runOnlyForDeploymentPostprocessing = 0;
			shellPath = /bin/sh;
			shellScript = "diff \"${PODS_PODFILE_DIR_PATH}/Podfile.lock\" \"${PODS_ROOT}/Manifest.lock\" > /dev/null\nif [ $? != 0 ] ; then\n    # print error to STDERR\n    echo \"error: The sandbox is not in sync with the Podfile.lock. Run 'pod install' or update your CocoaPods installation.\" >&2\n    exit 1\nfi\n";
			showEnvVarsInLog = 0;
		};
		C59C146A321DBF906667CB4B /* [CP] Embed Pods Frameworks */ = {
			isa = PBXShellScriptBuildPhase;
			buildActionMask = 2147483647;
			files = (
			);
			inputPaths = (
			);
			name = "[CP] Embed Pods Frameworks";
			outputPaths = (
			);
			runOnlyForDeploymentPostprocessing = 0;
			shellPath = /bin/sh;
			shellScript = "\"${SRCROOT}/Pods/Target Support Files/Pods-papr/Pods-papr-frameworks.sh\"\n";
			showEnvVarsInLog = 0;
		};
		E54E03867E7CC421027ED382 /* [CP] Copy Pods Resources */ = {
			isa = PBXShellScriptBuildPhase;
			buildActionMask = 2147483647;
			files = (
			);
			inputPaths = (
			);
			name = "[CP] Copy Pods Resources";
			outputPaths = (
			);
			runOnlyForDeploymentPostprocessing = 0;
			shellPath = /bin/sh;
			shellScript = "\"${SRCROOT}/Pods/Target Support Files/Pods-paprTests/Pods-paprTests-resources.sh\"\n";
			showEnvVarsInLog = 0;
		};
/* End PBXShellScriptBuildPhase section */

/* Begin PBXSourcesBuildPhase section */
		3341B64D1F0D096400DD7CEE /* Sources */ = {
			isa = PBXSourcesBuildPhase;
			buildActionMask = 2147483647;
			files = (
				3341B65C1F0D096400DD7CEE /* ViewController.m in Sources */,
				3341B6591F0D096400DD7CEE /* AppDelegate.m in Sources */,
				3341B6561F0D096400DD7CEE /* main.m in Sources */,
			);
			runOnlyForDeploymentPostprocessing = 0;
		};
		3341B6661F0D096400DD7CEE /* Sources */ = {
			isa = PBXSourcesBuildPhase;
			buildActionMask = 2147483647;
			files = (
				3341B66F1F0D096400DD7CEE /* paprTests.m in Sources */,
			);
			runOnlyForDeploymentPostprocessing = 0;
		};
		3341B6711F0D096400DD7CEE /* Sources */ = {
			isa = PBXSourcesBuildPhase;
			buildActionMask = 2147483647;
			files = (
				3341B67A1F0D096400DD7CEE /* paprUITests.m in Sources */,
			);
			runOnlyForDeploymentPostprocessing = 0;
		};
/* End PBXSourcesBuildPhase section */

/* Begin PBXTargetDependency section */
		3341B66C1F0D096400DD7CEE /* PBXTargetDependency */ = {
			isa = PBXTargetDependency;
			target = 3341B6501F0D096400DD7CEE /* papr */;
			targetProxy = 3341B66B1F0D096400DD7CEE /* PBXContainerItemProxy */;
		};
		3341B6771F0D096400DD7CEE /* PBXTargetDependency */ = {
			isa = PBXTargetDependency;
			target = 3341B6501F0D096400DD7CEE /* papr */;
			targetProxy = 3341B6761F0D096400DD7CEE /* PBXContainerItemProxy */;
		};
/* End PBXTargetDependency section */

/* Begin PBXVariantGroup section */
		3341B65D1F0D096400DD7CEE /* Main.storyboard */ = {
			isa = PBXVariantGroup;
			children = (
				3341B65E1F0D096400DD7CEE /* Base */,
			);
			name = Main.storyboard;
			sourceTree = "<group>";
		};
		3341B6621F0D096400DD7CEE /* LaunchScreen.storyboard */ = {
			isa = PBXVariantGroup;
			children = (
				3341B6631F0D096400DD7CEE /* Base */,
			);
			name = LaunchScreen.storyboard;
			sourceTree = "<group>";
		};
/* End PBXVariantGroup section */

/* Begin XCBuildConfiguration section */
		3341B67C1F0D096400DD7CEE /* Debug */ = {
			isa = XCBuildConfiguration;
			buildSettings = {
				ALWAYS_SEARCH_USER_PATHS = NO;
				CLANG_ANALYZER_NONNULL = YES;
				CLANG_ANALYZER_NUMBER_OBJECT_CONVERSION = YES_AGGRESSIVE;
				CLANG_CXX_LANGUAGE_STANDARD = "gnu++0x";
				CLANG_CXX_LIBRARY = "libc++";
				CLANG_ENABLE_MODULES = YES;
				CLANG_ENABLE_OBJC_ARC = YES;
				CLANG_WARN_BOOL_CONVERSION = YES;
				CLANG_WARN_CONSTANT_CONVERSION = YES;
				CLANG_WARN_DIRECT_OBJC_ISA_USAGE = YES_ERROR;
				CLANG_WARN_DOCUMENTATION_COMMENTS = YES;
				CLANG_WARN_EMPTY_BODY = YES;
				CLANG_WARN_ENUM_CONVERSION = YES;
				CLANG_WARN_INFINITE_RECURSION = YES;
				CLANG_WARN_INT_CONVERSION = YES;
				CLANG_WARN_OBJC_ROOT_CLASS = YES_ERROR;
				CLANG_WARN_SUSPICIOUS_MOVE = YES;
				CLANG_WARN_UNREACHABLE_CODE = YES;
				CLANG_WARN__DUPLICATE_METHOD_MATCH = YES;
				"CODE_SIGN_IDENTITY[sdk=iphoneos*]" = "iPhone Developer";
				COPY_PHASE_STRIP = NO;
				DEBUG_INFORMATION_FORMAT = dwarf;
				ENABLE_STRICT_OBJC_MSGSEND = YES;
				ENABLE_TESTABILITY = YES;
				GCC_C_LANGUAGE_STANDARD = gnu99;
				GCC_DYNAMIC_NO_PIC = NO;
				GCC_NO_COMMON_BLOCKS = YES;
				GCC_OPTIMIZATION_LEVEL = 0;
				GCC_PREPROCESSOR_DEFINITIONS = (
					"DEBUG=1",
					"$(inherited)",
				);
				GCC_WARN_64_TO_32_BIT_CONVERSION = YES;
				GCC_WARN_ABOUT_RETURN_TYPE = YES_ERROR;
				GCC_WARN_UNDECLARED_SELECTOR = YES;
				GCC_WARN_UNINITIALIZED_AUTOS = YES_AGGRESSIVE;
				GCC_WARN_UNUSED_FUNCTION = YES;
				GCC_WARN_UNUSED_VARIABLE = YES;
				IPHONEOS_DEPLOYMENT_TARGET = 10.3;
				MTL_ENABLE_DEBUG_INFO = YES;
				ONLY_ACTIVE_ARCH = YES;
				SDKROOT = iphoneos;
			};
			name = Debug;
		};
		3341B67D1F0D096400DD7CEE /* Release */ = {
			isa = XCBuildConfiguration;
			buildSettings = {
				ALWAYS_SEARCH_USER_PATHS = NO;
				CLANG_ANALYZER_NONNULL = YES;
				CLANG_ANALYZER_NUMBER_OBJECT_CONVERSION = YES_AGGRESSIVE;
				CLANG_CXX_LANGUAGE_STANDARD = "gnu++0x";
				CLANG_CXX_LIBRARY = "libc++";
				CLANG_ENABLE_MODULES = YES;
				CLANG_ENABLE_OBJC_ARC = YES;
				CLANG_WARN_BOOL_CONVERSION = YES;
				CLANG_WARN_CONSTANT_CONVERSION = YES;
				CLANG_WARN_DIRECT_OBJC_ISA_USAGE = YES_ERROR;
				CLANG_WARN_DOCUMENTATION_COMMENTS = YES;
				CLANG_WARN_EMPTY_BODY = YES;
				CLANG_WARN_ENUM_CONVERSION = YES;
				CLANG_WARN_INFINITE_RECURSION = YES;
				CLANG_WARN_INT_CONVERSION = YES;
				CLANG_WARN_OBJC_ROOT_CLASS = YES_ERROR;
				CLANG_WARN_SUSPICIOUS_MOVE = YES;
				CLANG_WARN_UNREACHABLE_CODE = YES;
				CLANG_WARN__DUPLICATE_METHOD_MATCH = YES;
				"CODE_SIGN_IDENTITY[sdk=iphoneos*]" = "iPhone Developer";
				COPY_PHASE_STRIP = NO;
				DEBUG_INFORMATION_FORMAT = "dwarf-with-dsym";
				ENABLE_NS_ASSERTIONS = NO;
				ENABLE_STRICT_OBJC_MSGSEND = YES;
				GCC_C_LANGUAGE_STANDARD = gnu99;
				GCC_NO_COMMON_BLOCKS = YES;
				GCC_WARN_64_TO_32_BIT_CONVERSION = YES;
				GCC_WARN_ABOUT_RETURN_TYPE = YES_ERROR;
				GCC_WARN_UNDECLARED_SELECTOR = YES;
				GCC_WARN_UNINITIALIZED_AUTOS = YES_AGGRESSIVE;
				GCC_WARN_UNUSED_FUNCTION = YES;
				GCC_WARN_UNUSED_VARIABLE = YES;
				IPHONEOS_DEPLOYMENT_TARGET = 10.3;
				MTL_ENABLE_DEBUG_INFO = NO;
				SDKROOT = iphoneos;
				VALIDATE_PRODUCT = YES;
			};
			name = Release;
		};
		3341B67F1F0D096400DD7CEE /* Debug */ = {
			isa = XCBuildConfiguration;
			baseConfigurationReference = 561F49808788FF02DE682DE8 /* Pods-papr.debug.xcconfig */;
			buildSettings = {
				ASSETCATALOG_COMPILER_APPICON_NAME = AppIcon;
				DEVELOPMENT_TEAM = XWMHG8H289;
				INFOPLIST_FILE = papr/Info.plist;
				LD_RUNPATH_SEARCH_PATHS = "$(inherited) @executable_path/Frameworks";
				PRODUCT_BUNDLE_IDENTIFIER = com.jebudas.papr;
				PRODUCT_NAME = "$(TARGET_NAME)";
			};
			name = Debug;
		};
		3341B6801F0D096400DD7CEE /* Release */ = {
			isa = XCBuildConfiguration;
			baseConfigurationReference = 10559FAAE5D0A7CF5AA6B067 /* Pods-papr.release.xcconfig */;
			buildSettings = {
				ASSETCATALOG_COMPILER_APPICON_NAME = AppIcon;
				DEVELOPMENT_TEAM = XWMHG8H289;
				INFOPLIST_FILE = papr/Info.plist;
				LD_RUNPATH_SEARCH_PATHS = "$(inherited) @executable_path/Frameworks";
				PRODUCT_BUNDLE_IDENTIFIER = com.jebudas.papr;
				PRODUCT_NAME = "$(TARGET_NAME)";
			};
			name = Release;
		};
		3341B6821F0D096400DD7CEE /* Debug */ = {
			isa = XCBuildConfiguration;
			baseConfigurationReference = 53083A0C16D717588A506413 /* Pods-paprTests.debug.xcconfig */;
			buildSettings = {
				BUNDLE_LOADER = "$(TEST_HOST)";
				DEVELOPMENT_TEAM = XWMHG8H289;
				INFOPLIST_FILE = paprTests/Info.plist;
				LD_RUNPATH_SEARCH_PATHS = "$(inherited) @executable_path/Frameworks @loader_path/Frameworks";
				PRODUCT_BUNDLE_IDENTIFIER = com.jebudas.paprTests;
				PRODUCT_NAME = "$(TARGET_NAME)";
				TEST_HOST = "$(BUILT_PRODUCTS_DIR)/papr.app/papr";
			};
			name = Debug;
		};
		3341B6831F0D096400DD7CEE /* Release */ = {
			isa = XCBuildConfiguration;
			baseConfigurationReference = FF80BC5EE35CD80420F73533 /* Pods-paprTests.release.xcconfig */;
			buildSettings = {
				BUNDLE_LOADER = "$(TEST_HOST)";
				DEVELOPMENT_TEAM = XWMHG8H289;
				INFOPLIST_FILE = paprTests/Info.plist;
				LD_RUNPATH_SEARCH_PATHS = "$(inherited) @executable_path/Frameworks @loader_path/Frameworks";
				PRODUCT_BUNDLE_IDENTIFIER = com.jebudas.paprTests;
				PRODUCT_NAME = "$(TARGET_NAME)";
				TEST_HOST = "$(BUILT_PRODUCTS_DIR)/papr.app/papr";
			};
			name = Release;
		};
		3341B6851F0D096400DD7CEE /* Debug */ = {
			isa = XCBuildConfiguration;
			baseConfigurationReference = E2B3D4C45BCEE2E0B9209502 /* Pods-paprUITests.debug.xcconfig */;
			buildSettings = {
				DEVELOPMENT_TEAM = XWMHG8H289;
				INFOPLIST_FILE = paprUITests/Info.plist;
				LD_RUNPATH_SEARCH_PATHS = "$(inherited) @executable_path/Frameworks @loader_path/Frameworks";
				PRODUCT_BUNDLE_IDENTIFIER = com.jebudas.paprUITests;
				PRODUCT_NAME = "$(TARGET_NAME)";
				TEST_TARGET_NAME = papr;
			};
			name = Debug;
		};
		3341B6861F0D096400DD7CEE /* Release */ = {
			isa = XCBuildConfiguration;
			baseConfigurationReference = 849A09D302E60574CAE831E3 /* Pods-paprUITests.release.xcconfig */;
			buildSettings = {
				DEVELOPMENT_TEAM = XWMHG8H289;
				INFOPLIST_FILE = paprUITests/Info.plist;
				LD_RUNPATH_SEARCH_PATHS = "$(inherited) @executable_path/Frameworks @loader_path/Frameworks";
				PRODUCT_BUNDLE_IDENTIFIER = com.jebudas.paprUITests;
				PRODUCT_NAME = "$(TARGET_NAME)";
				TEST_TARGET_NAME = papr;
			};
			name = Release;
		};
/* End XCBuildConfiguration section */

/* Begin XCConfigurationList section */
		3341B64C1F0D096400DD7CEE /* Build configuration list for PBXProject "papr" */ = {
			isa = XCConfigurationList;
			buildConfigurations = (
				3341B67C1F0D096400DD7CEE /* Debug */,
				3341B67D1F0D096400DD7CEE /* Release */,
			);
			defaultConfigurationIsVisible = 0;
			defaultConfigurationName = Release;
		};
		3341B67E1F0D096400DD7CEE /* Build configuration list for PBXNativeTarget "papr" */ = {
			isa = XCConfigurationList;
			buildConfigurations = (
				3341B67F1F0D096400DD7CEE /* Debug */,
				3341B6801F0D096400DD7CEE /* Release */,
			);
			defaultConfigurationIsVisible = 0;
			defaultConfigurationName = Release;
		};
		3341B6811F0D096400DD7CEE /* Build configuration list for PBXNativeTarget "paprTests" */ = {
			isa = XCConfigurationList;
			buildConfigurations = (
				3341B6821F0D096400DD7CEE /* Debug */,
				3341B6831F0D096400DD7CEE /* Release */,
			);
			defaultConfigurationIsVisible = 0;
			defaultConfigurationName = Release;
		};
		3341B6841F0D096400DD7CEE /* Build configuration list for PBXNativeTarget "paprUITests" */ = {
			isa = XCConfigurationList;
			buildConfigurations = (
				3341B6851F0D096400DD7CEE /* Debug */,
				3341B6861F0D096400DD7CEE /* Release */,
			);
			defaultConfigurationIsVisible = 0;
			defaultConfigurationName = Release;
		};
/* End XCConfigurationList section */
	};
	rootObject = 3341B6491F0D096400DD7CEE /* Project object */;
}
